
Microsoft Visual Studio Solution File, Format Version 12.00
# Visual Studio Version 16
VisualStudioVersion = 16.0.33529.622
MinimumVisualStudioVersion = 10.0.40219.1
Project("{FAE04EC0-301F-11D3-BF4B-00C04F79EFBC}") = "ado1", "ado1.csproj", "{CC6C1DEB-3835-4B3C-BA6B-1622A0518969}"
EndProject
Global
	GlobalSection(SolutionConfigurationPlatforms) = preSolution
		Debug|Any CPU = Debug|Any CPU
		Release|Any CPU = Release|Any CPU
	EndGlobalSection
	GlobalSection(ProjectConfigurationPlatforms) = postSolution
		{CC6C1DEB-3835-4B3C-BA6B-1622A0518969}.Debug|Any CPU.ActiveCfg = Debug|Any CPU
		{CC6C1DEB-3835-4B3C-BA6B-1622A0518969}.Debug|Any CPU.Build.0 = Debug|Any CPU
		{CC6C1DEB-3835-4B3C-BA6B-1622A0518969}.Release|Any CPU.ActiveCfg = Release|Any CPU
		{CC6C1DEB-3835-4B3C-BA6B-1622A0518969}.Release|Any CPU.Build.0 = Release|Any CPU
	EndGlobalSection
	GlobalSection(SolutionProperties) = preSolution
		HideSolutionNode = FALSE
	EndGlobalSection
	GlobalSection(ExtensibilityGlobals) = postSolution
		SolutionGuid = {18876A20-C808-46C1-BA94-F84A1C5F5A05}
	EndGlobalSection
EndGlobal
